
Microsoft Visual Studio Solution File, Format Version 12.00
# Visual Studio Version 17
VisualStudioVersion = 17.5.002.0
MinimumVisualStudioVersion = 10.0.40219.1
Project("{9A19103F-16F7-4668-BE54-9A1E7A4F7556}") = "KeyGenerationService", "KeyGenerationService\KeyGenerationService.csproj", "{3C6F8ADA-B4FD-4633-8316-D2AF4B4B7A63}"
EndProject
Project("{FAE04EC0-301F-11D3-BF4B-00C04F79EFBC}") = "KeyGenerationServiceTest", "KeyGenerationServiceTest\KeyGenerationServiceTest.csproj", "{C033E465-5CC8-4AAD-B381-20D70CAA26D0}"
EndProject
Global
	GlobalSection(SolutionConfigurationPlatforms) = preSolution
		Debug|Any CPU = Debug|Any CPU
		Release|Any CPU = Release|Any CPU
	EndGlobalSection
	GlobalSection(ProjectConfigurationPlatforms) = postSolution
		{3C6F8ADA-B4FD-4633-8316-D2AF4B4B7A63}.Debug|Any CPU.ActiveCfg = Debug|Any CPU
		{3C6F8ADA-B4FD-4633-8316-D2AF4B4B7A63}.Debug|Any CPU.Build.0 = Debug|Any CPU
		{3C6F8ADA-B4FD-4633-8316-D2AF4B4B7A63}.Release|Any CPU.ActiveCfg = Release|Any CPU
		{3C6F8ADA-B4FD-4633-8316-D2AF4B4B7A63}.Release|Any CPU.Build.0 = Release|Any CPU
		{C033E465-5CC8-4AAD-B381-20D70CAA26D0}.Debug|Any CPU.ActiveCfg = Debug|Any CPU
		{C033E465-5CC8-4AAD-B381-20D70CAA26D0}.Debug|Any CPU.Build.0 = Debug|Any CPU
		{C033E465-5CC8-4AAD-B381-20D70CAA26D0}.Release|Any CPU.ActiveCfg = Release|Any CPU
		{C033E465-5CC8-4AAD-B381-20D70CAA26D0}.Release|Any CPU.Build.0 = Release|Any CPU
	EndGlobalSection
	GlobalSection(SolutionProperties) = preSolution
		HideSolutionNode = FALSE
	EndGlobalSection
	GlobalSection(ExtensibilityGlobals) = postSolution
		SolutionGuid = {E73D1CBD-C70F-40D6-A154-A46B8062A4AF}
	EndGlobalSection
EndGlobal
